
Microsoft Visual Studio Solution File, Format Version 12.00
# Visual Studio Version 17
VisualStudioVersion = 17.11.35327.3
MinimumVisualStudioVersion = 10.0.40219.1
Project("{2150E333-8FDC-42A3-9474-1A3956D46DE8}") = "Src", "Src", "{505750A1-AC6E-4248-BF91-B5652031BC63}"
EndProject
Project("{2150E333-8FDC-42A3-9474-1A3956D46DE8}") = "Core", "Core", "{7F4ED950-D31E-411A-A6B1-EEF9734B5D41}"
EndProject
Project("{2150E333-8FDC-42A3-9474-1A3956D46DE8}") = "Presentation", "Presentation", "{58911673-07F9-4A8E-AEE8-84A192DA5209}"
EndProject
Project("{2150E333-8FDC-42A3-9474-1A3956D46DE8}") = "Infrastructure", "Infrastructure", "{E3F2B09C-105C-4DC0-BDD5-7C4288FFBCA0}"
EndProject
Project("{9A19103F-16F7-4668-BE54-9A1E7A4F7556}") = "Domain", "Domain\Domain.csproj", "{8DFA4F19-1C97-44FB-9E67-1D954DF2C46E}"
EndProject
Project("{9A19103F-16F7-4668-BE54-9A1E7A4F7556}") = "Application", "Application\Application.csproj", "{B7BDAD1B-2E47-46B8-A5E4-DE41888C8072}"
EndProject
Project("{9A19103F-16F7-4668-BE54-9A1E7A4F7556}") = "Infrastructure", "Infrastructure\Infrastructure.csproj", "{A9603C9B-0FBE-44AA-B684-A964D02327E5}"
EndProject
Project("{9A19103F-16F7-4668-BE54-9A1E7A4F7556}") = "Persistence", "Persistence\Persistence.csproj", "{183AB4EC-E95C-426F-BE1D-A9A2B6B71F87}"
EndProject
Project("{9A19103F-16F7-4668-BE54-9A1E7A4F7556}") = "EndPoint.Grpc", "EndPoint.Grpc\EndPoint.Grpc.csproj", "{579703F6-B4AA-4F44-A8F1-7AB37439FE1B}"
EndProject
Project("{9A19103F-16F7-4668-BE54-9A1E7A4F7556}") = "EndPoint.ConsoleApp", "EndPoint.ConsoleApp\EndPoint.ConsoleApp.csproj", "{E23730DB-A285-4DD3-991D-750C920A3599}"
EndProject
Project("{2150E333-8FDC-42A3-9474-1A3956D46DE8}") = "Tests", "Tests", "{C1CEB4B1-51AD-416C-B1D9-3B34591ED13B}"
EndProject
Project("{FAE04EC0-301F-11D3-BF4B-00C04F79EFBC}") = "Tests.Application", "Tests.Application\Tests.Application.csproj", "{74C85CCB-F3D4-4BE8-8D0F-88014305E4D9}"
EndProject
Project("{FAE04EC0-301F-11D3-BF4B-00C04F79EFBC}") = "Tests.Integration", "Tests.Integration\Tests.Integration.csproj", "{45FC715A-36F4-42A6-BA3B-401422D713B9}"
EndProject
Global
	GlobalSection(SolutionConfigurationPlatforms) = preSolution
		Debug|Any CPU = Debug|Any CPU
		Release|Any CPU = Release|Any CPU
	EndGlobalSection
	GlobalSection(ProjectConfigurationPlatforms) = postSolution
		{8DFA4F19-1C97-44FB-9E67-1D954DF2C46E}.Debug|Any CPU.ActiveCfg = Debug|Any CPU
		{8DFA4F19-1C97-44FB-9E67-1D954DF2C46E}.Debug|Any CPU.Build.0 = Debug|Any CPU
		{8DFA4F19-1C97-44FB-9E67-1D954DF2C46E}.Release|Any CPU.ActiveCfg = Release|Any CPU
		{8DFA4F19-1C97-44FB-9E67-1D954DF2C46E}.Release|Any CPU.Build.0 = Release|Any CPU
		{B7BDAD1B-2E47-46B8-A5E4-DE41888C8072}.Debug|Any CPU.ActiveCfg = Debug|Any CPU
		{B7BDAD1B-2E47-46B8-A5E4-DE41888C8072}.Debug|Any CPU.Build.0 = Debug|Any CPU
		{B7BDAD1B-2E47-46B8-A5E4-DE41888C8072}.Release|Any CPU.ActiveCfg = Release|Any CPU
		{B7BDAD1B-2E47-46B8-A5E4-DE41888C8072}.Release|Any CPU.Build.0 = Release|Any CPU
		{A9603C9B-0FBE-44AA-B684-A964D02327E5}.Debug|Any CPU.ActiveCfg = Debug|Any CPU
		{A9603C9B-0FBE-44AA-B684-A964D02327E5}.Debug|Any CPU.Build.0 = Debug|Any CPU
		{A9603C9B-0FBE-44AA-B684-A964D02327E5}.Release|Any CPU.ActiveCfg = Release|Any CPU
		{A9603C9B-0FBE-44AA-B684-A964D02327E5}.Release|Any CPU.Build.0 = Release|Any CPU
		{183AB4EC-E95C-426F-BE1D-A9A2B6B71F87}.Debug|Any CPU.ActiveCfg = Debug|Any CPU
		{183AB4EC-E95C-426F-BE1D-A9A2B6B71F87}.Debug|Any CPU.Build.0 = Debug|Any CPU
		{183AB4EC-E95C-426F-BE1D-A9A2B6B71F87}.Release|Any CPU.ActiveCfg = Release|Any CPU
		{183AB4EC-E95C-426F-BE1D-A9A2B6B71F87}.Release|Any CPU.Build.0 = Release|Any CPU
		{579703F6-B4AA-4F44-A8F1-7AB37439FE1B}.Debug|Any CPU.ActiveCfg = Debug|Any CPU
		{579703F6-B4AA-4F44-A8F1-7AB37439FE1B}.Debug|Any CPU.Build.0 = Debug|Any CPU
		{579703F6-B4AA-4F44-A8F1-7AB37439FE1B}.Release|Any CPU.ActiveCfg = Release|Any CPU
		{579703F6-B4AA-4F44-A8F1-7AB37439FE1B}.Release|Any CPU.Build.0 = Release|Any CPU
		{E23730DB-A285-4DD3-991D-750C920A3599}.Debug|Any CPU.ActiveCfg = Debug|Any CPU
		{E23730DB-A285-4DD3-991D-750C920A3599}.Debug|Any CPU.Build.0 = Debug|Any CPU
		{E23730DB-A285-4DD3-991D-750C920A3599}.Release|Any CPU.ActiveCfg = Release|Any CPU
		{E23730DB-A285-4DD3-991D-750C920A3599}.Release|Any CPU.Build.0 = Release|Any CPU
		{74C85CCB-F3D4-4BE8-8D0F-88014305E4D9}.Debug|Any CPU.ActiveCfg = Debug|Any CPU
		{74C85CCB-F3D4-4BE8-8D0F-88014305E4D9}.Debug|Any CPU.Build.0 = Debug|Any CPU
		{74C85CCB-F3D4-4BE8-8D0F-88014305E4D9}.Release|Any CPU.ActiveCfg = Release|Any CPU
		{74C85CCB-F3D4-4BE8-8D0F-88014305E4D9}.Release|Any CPU.Build.0 = Release|Any CPU
		{45FC715A-36F4-42A6-BA3B-401422D713B9}.Debug|Any CPU.ActiveCfg = Debug|Any CPU
		{45FC715A-36F4-42A6-BA3B-401422D713B9}.Debug|Any CPU.Build.0 = Debug|Any CPU
		{45FC715A-36F4-42A6-BA3B-401422D713B9}.Release|Any CPU.ActiveCfg = Release|Any CPU
		{45FC715A-36F4-42A6-BA3B-401422D713B9}.Release|Any CPU.Build.0 = Release|Any CPU
	EndGlobalSection
	GlobalSection(SolutionProperties) = preSolution
		HideSolutionNode = FALSE
	EndGlobalSection
	GlobalSection(NestedProjects) = preSolution
		{7F4ED950-D31E-411A-A6B1-EEF9734B5D41} = {505750A1-AC6E-4248-BF91-B5652031BC63}
		{58911673-07F9-4A8E-AEE8-84A192DA5209} = {505750A1-AC6E-4248-BF91-B5652031BC63}
		{E3F2B09C-105C-4DC0-BDD5-7C4288FFBCA0} = {505750A1-AC6E-4248-BF91-B5652031BC63}
		{8DFA4F19-1C97-44FB-9E67-1D954DF2C46E} = {7F4ED950-D31E-411A-A6B1-EEF9734B5D41}
		{B7BDAD1B-2E47-46B8-A5E4-DE41888C8072} = {7F4ED950-D31E-411A-A6B1-EEF9734B5D41}
		{A9603C9B-0FBE-44AA-B684-A964D02327E5} = {E3F2B09C-105C-4DC0-BDD5-7C4288FFBCA0}
		{183AB4EC-E95C-426F-BE1D-A9A2B6B71F87} = {E3F2B09C-105C-4DC0-BDD5-7C4288FFBCA0}
		{579703F6-B4AA-4F44-A8F1-7AB37439FE1B} = {58911673-07F9-4A8E-AEE8-84A192DA5209}
		{E23730DB-A285-4DD3-991D-750C920A3599} = {58911673-07F9-4A8E-AEE8-84A192DA5209}
		{74C85CCB-F3D4-4BE8-8D0F-88014305E4D9} = {C1CEB4B1-51AD-416C-B1D9-3B34591ED13B}
		{45FC715A-36F4-42A6-BA3B-401422D713B9} = {C1CEB4B1-51AD-416C-B1D9-3B34591ED13B}
	EndGlobalSection
	GlobalSection(ExtensibilityGlobals) = postSolution
		SolutionGuid = {C35886E5-833A-44F5-9515-B7DA6EF40495}
	EndGlobalSection
EndGlobal
